
Microsoft Visual Studio Solution File, Format Version 12.00
# Visual Studio Version 17
VisualStudioVersion = 17.11.35222.181
MinimumVisualStudioVersion = 10.0.40219.1
Project("{FAE04EC0-301F-11D3-BF4B-00C04F79EFBC}") = "learn_api", "learn_api.csproj", "{F23DAF99-F0AF-40C4-BBFB-B24E9B48AC4B}"
EndProject
Global
	GlobalSection(SolutionConfigurationPlatforms) = preSolution
		Debug|Any CPU = Debug|Any CPU
		Release|Any CPU = Release|Any CPU
	EndGlobalSection
	GlobalSection(ProjectConfigurationPlatforms) = postSolution
		{F23DAF99-F0AF-40C4-BBFB-B24E9B48AC4B}.Debug|Any CPU.ActiveCfg = Debug|Any CPU
		{F23DAF99-F0AF-40C4-BBFB-B24E9B48AC4B}.Debug|Any CPU.Build.0 = Debug|Any CPU
		{F23DAF99-F0AF-40C4-BBFB-B24E9B48AC4B}.Release|Any CPU.ActiveCfg = Release|Any CPU
		{F23DAF99-F0AF-40C4-BBFB-B24E9B48AC4B}.Release|Any CPU.Build.0 = Release|Any CPU
	EndGlobalSection
	GlobalSection(SolutionProperties) = preSolution
		HideSolutionNode = FALSE
	EndGlobalSection
	GlobalSection(ExtensibilityGlobals) = postSolution
		SolutionGuid = {70C763C8-5345-41C7-B1DE-6CC0A284CFBC}
	EndGlobalSection
EndGlobal
